
Microsoft Visual Studio Solution File, Format Version 12.00
# Visual Studio 2012
Project("{FAE04EC0-301F-11D3-BF4B-00C04F79EFBC}") = "Bootstrap3SampleProject", "Bootstrap3SampleProject\Bootstrap3SampleProject.csproj", "{1B8B2D99-0AE1-4BF6-B9B3-DF9239935123}"
EndProject
Global
	GlobalSection(SolutionConfigurationPlatforms) = preSolution
		Debug|Any CPU = Debug|Any CPU
		Release|Any CPU = Release|Any CPU
	EndGlobalSection
	GlobalSection(ProjectConfigurationPlatforms) = postSolution
		{1B8B2D99-0AE1-4BF6-B9B3-DF9239935123}.Debug|Any CPU.ActiveCfg = Debug|Any CPU
		{1B8B2D99-0AE1-4BF6-B9B3-DF9239935123}.Debug|Any CPU.Build.0 = Debug|Any CPU
		{1B8B2D99-0AE1-4BF6-B9B3-DF9239935123}.Release|Any CPU.ActiveCfg = Release|Any CPU
		{1B8B2D99-0AE1-4BF6-B9B3-DF9239935123}.Release|Any CPU.Build.0 = Release|Any CPU
	EndGlobalSection
	GlobalSection(SolutionProperties) = preSolution
		HideSolutionNode = FALSE
	EndGlobalSection
EndGlobal
